
Microsoft Visual Studio Solution File, Format Version 12.00
# Visual Studio Version 17
VisualStudioVersion = 17.0.32014.148
MinimumVisualStudioVersion = 10.0.40219.1
Project("{9A19103F-16F7-4668-BE54-9A1E7A4F7556}") = "DataLayer", "DataLayer\DataLayer.csproj", "{EC34068B-8C45-4377-AC1B-B4F6216345DD}"
EndProject
Project("{9A19103F-16F7-4668-BE54-9A1E7A4F7556}") = "Models", "Models\Models.csproj", "{48DABD57-B90E-49EF-BC5C-0F6A31E48ADA}"
EndProject
Project("{9A19103F-16F7-4668-BE54-9A1E7A4F7556}") = "ResturantProject", "NewsSite\ResturantProject.csproj", "{0A39570B-A3A5-4FCD-92BD-D1B5C737EF98}"
EndProject
Project("{FAE04EC0-301F-11D3-BF4B-00C04F79EFBC}") = "ViewModelsLayer", "ViewModelsLayer\ViewModelsLayer.csproj", "{8D1926C6-0CA3-4C36-8D1C-DE1DAF0BB1A0}"
EndProject
Global
	GlobalSection(SolutionConfigurationPlatforms) = preSolution
		Debug|Any CPU = Debug|Any CPU
		Release|Any CPU = Release|Any CPU
	EndGlobalSection
	GlobalSection(ProjectConfigurationPlatforms) = postSolution
		{EC34068B-8C45-4377-AC1B-B4F6216345DD}.Debug|Any CPU.ActiveCfg = Debug|Any CPU
		{EC34068B-8C45-4377-AC1B-B4F6216345DD}.Debug|Any CPU.Build.0 = Debug|Any CPU
		{EC34068B-8C45-4377-AC1B-B4F6216345DD}.Release|Any CPU.ActiveCfg = Release|Any CPU
		{EC34068B-8C45-4377-AC1B-B4F6216345DD}.Release|Any CPU.Build.0 = Release|Any CPU
		{48DABD57-B90E-49EF-BC5C-0F6A31E48ADA}.Debug|Any CPU.ActiveCfg = Debug|Any CPU
		{48DABD57-B90E-49EF-BC5C-0F6A31E48ADA}.Debug|Any CPU.Build.0 = Debug|Any CPU
		{48DABD57-B90E-49EF-BC5C-0F6A31E48ADA}.Release|Any CPU.ActiveCfg = Release|Any CPU
		{48DABD57-B90E-49EF-BC5C-0F6A31E48ADA}.Release|Any CPU.Build.0 = Release|Any CPU
		{0A39570B-A3A5-4FCD-92BD-D1B5C737EF98}.Debug|Any CPU.ActiveCfg = Debug|Any CPU
		{0A39570B-A3A5-4FCD-92BD-D1B5C737EF98}.Debug|Any CPU.Build.0 = Debug|Any CPU
		{0A39570B-A3A5-4FCD-92BD-D1B5C737EF98}.Release|Any CPU.ActiveCfg = Release|Any CPU
		{0A39570B-A3A5-4FCD-92BD-D1B5C737EF98}.Release|Any CPU.Build.0 = Release|Any CPU
		{8D1926C6-0CA3-4C36-8D1C-DE1DAF0BB1A0}.Debug|Any CPU.ActiveCfg = Debug|Any CPU
		{8D1926C6-0CA3-4C36-8D1C-DE1DAF0BB1A0}.Debug|Any CPU.Build.0 = Debug|Any CPU
		{8D1926C6-0CA3-4C36-8D1C-DE1DAF0BB1A0}.Release|Any CPU.ActiveCfg = Release|Any CPU
		{8D1926C6-0CA3-4C36-8D1C-DE1DAF0BB1A0}.Release|Any CPU.Build.0 = Release|Any CPU
	EndGlobalSection
	GlobalSection(SolutionProperties) = preSolution
		HideSolutionNode = FALSE
	EndGlobalSection
	GlobalSection(ExtensibilityGlobals) = postSolution
		SolutionGuid = {C995502E-2001-43BE-96AC-1BEE275E372E}
	EndGlobalSection
EndGlobal
